
Microsoft Visual Studio Solution File, Format Version 12.00
# Visual Studio Version 16
VisualStudioVersion = 16.0.33927.289
MinimumVisualStudioVersion = 10.0.40219.1
Project("{FAE04EC0-301F-11D3-BF4B-00C04F79EFBC}") = "WebcamCaptureApp", "WebcamCaptureApp\WebcamCaptureApp.csproj", "{439433D1-1CCC-430A-8439-F51615E76D09}"
EndProject
Global
	GlobalSection(SolutionConfigurationPlatforms) = preSolution
		Debug|Any CPU = Debug|Any CPU
		Release|Any CPU = Release|Any CPU
	EndGlobalSection
	GlobalSection(ProjectConfigurationPlatforms) = postSolution
		{439433D1-1CCC-430A-8439-F51615E76D09}.Debug|Any CPU.ActiveCfg = Debug|Any CPU
		{439433D1-1CCC-430A-8439-F51615E76D09}.Debug|Any CPU.Build.0 = Debug|Any CPU
		{439433D1-1CCC-430A-8439-F51615E76D09}.Release|Any CPU.ActiveCfg = Release|Any CPU
		{439433D1-1CCC-430A-8439-F51615E76D09}.Release|Any CPU.Build.0 = Release|Any CPU
	EndGlobalSection
	GlobalSection(SolutionProperties) = preSolution
		HideSolutionNode = FALSE
	EndGlobalSection
	GlobalSection(ExtensibilityGlobals) = postSolution
		SolutionGuid = {25D9628B-1446-4F16-9191-577552F7D7B4}
	EndGlobalSection
EndGlobal
